{
    "behat/transliterator": {
        "version": "v1.2.0"
    },
    "composer/xdebug-handler": {
        "version": "1.1.0"
    },
    "egulias/email-validator": {
        "version": "2.1.4"
    },
    "elasticsearch/elasticsearch": {
        "version": "v6.0.1"
    },
    "guzzlehttp/guzzle": {
        "version": "6.3.3"
    },
    "guzzlehttp/promises": {
        "version": "v1.3.1"
    },
    "guzzlehttp/psr7": {
        "version": "1.4.2"
    },
    "guzzlehttp/ringphp": {
        "version": "1.1.1"
    },
    "guzzlehttp/streams": {
        "version": "3.0.0"
    },
    "jean85/pretty-package-versions": {
        "version": "1.2"
    },
    "lcobucci/jwt": {
        "version": "3.2.4"
    },
    "lexik/jwt-authentication-bundle": {
        "version": "2.5",
        "recipe": {
            "repo": "github.com/symfony/recipes",
            "branch": "master",
            "version": "2.5",
            "ref": "509b1542f3180a1cfe248ade8b7bf5092c2d4127"
        }
    },
    "namshi/jose": {
        "version": "7.2.3"
    },
    "nette/bootstrap": {
        "version": "v2.4.6"
    },
    "nette/di": {
        "version": "v2.4.13"
    },
    "nette/finder": {
        "version": "v2.4.2"
    },
    "nette/neon": {
        "version": "v2.4.3"
    },
    "nette/php-generator": {
        "version": "v3.0.5"
    },
    "nette/robot-loader": {
        "version": "v3.0.4"
    },
    "nette/utils": {
        "version": "v2.5.2"
    },
    "ovh/ovh": {
        "version": "dev-master"
    },
    "phpstan/phpdoc-parser": {
        "version": "0.3"
    },
    "phpstan/phpstan": {
        "version": "0.10.3"
    },
    "psr/http-message": {
        "version": "1.0.1"
    },
    "react/promise": {
        "version": "v2.7.0"
    },
    "ruflin/elastica": {
        "version": "6.0.2"
    },
    "swiftmailer/swiftmailer": {
        "version": "v6.1.2"
    },
    "symfony/swiftmailer-bundle": {
        "version": "2.5",
        "recipe": {
            "repo": "github.com/symfony/recipes",
            "branch": "master",
            "version": "2.5",
            "ref": "3db029c03e452b4a23f7fc45cec7c922c2247eb8"
        }
    },
    "symfony/webpack-encore-pack": {
        "version": "1.0",
        "recipe": {
            "repo": "github.com/symfony/recipes",
            "branch": "master",
            "version": "1.0",
            "ref": "b87dfd249390a7b534caa137450277930901236e"
        }
    },
    "tightenco/collect": {
        "version": "v5.6.29"
    }
}
