{
    "behat/transliterator": {
        "version": "v1.2.0"
    },
    "guzzlehttp/guzzle": {
        "version": "6.3.3"
    },
    "guzzlehttp/promises": {
        "version": "v1.3.1"
    },
    "guzzlehttp/psr7": {
        "version": "1.4.2"
    },
    "ovh/ovh": {
        "version": "dev-master"
    },
    "psr/http-message": {
        "version": "1.0.1"
    },
    "tightenco/collect": {
        "version": "v5.6.29"
    }
}
